
Microsoft Visual Studio Solution File, Format Version 12.00
# Visual Studio Version 17
VisualStudioVersion = 17.3.32929.385
MinimumVisualStudioVersion = 10.0.40219.1
Project("{FAE04EC0-301F-11D3-BF4B-00C04F79EFBC}") = "Lecture7-TrafficLights_ver2", "Lecture7-Exercises2\Lecture7-TrafficLights_ver2.csproj", "{70D4D2CB-630A-4F47-82A2-7F3A8ED0EF25}"
EndProject
Global
	GlobalSection(SolutionConfigurationPlatforms) = preSolution
		Debug|Any CPU = Debug|Any CPU
		Release|Any CPU = Release|Any CPU
	EndGlobalSection
	GlobalSection(ProjectConfigurationPlatforms) = postSolution
		{70D4D2CB-630A-4F47-82A2-7F3A8ED0EF25}.Debug|Any CPU.ActiveCfg = Debug|Any CPU
		{70D4D2CB-630A-4F47-82A2-7F3A8ED0EF25}.Debug|Any CPU.Build.0 = Debug|Any CPU
		{70D4D2CB-630A-4F47-82A2-7F3A8ED0EF25}.Release|Any CPU.ActiveCfg = Release|Any CPU
		{70D4D2CB-630A-4F47-82A2-7F3A8ED0EF25}.Release|Any CPU.Build.0 = Release|Any CPU
	EndGlobalSection
	GlobalSection(SolutionProperties) = preSolution
		HideSolutionNode = FALSE
	EndGlobalSection
	GlobalSection(ExtensibilityGlobals) = postSolution
		SolutionGuid = {F2A9C5CB-B8AA-4605-BBBC-E847C6244415}
	EndGlobalSection
EndGlobal
