
Microsoft Visual Studio Solution File, Format Version 12.00
# Visual Studio Version 17
VisualStudioVersion = 17.3.32929.385
MinimumVisualStudioVersion = 10.0.40219.1
Project("{FAE04EC0-301F-11D3-BF4B-00C04F79EFBC}") = "Week1_Exercise5", "Week1_Exercise5\Week1_Exercise5.csproj", "{B716518C-8FB3-4502-92F7-3643FE7DC49E}"
EndProject
Global
	GlobalSection(SolutionConfigurationPlatforms) = preSolution
		Debug|Any CPU = Debug|Any CPU
		Release|Any CPU = Release|Any CPU
	EndGlobalSection
	GlobalSection(ProjectConfigurationPlatforms) = postSolution
		{B716518C-8FB3-4502-92F7-3643FE7DC49E}.Debug|Any CPU.ActiveCfg = Debug|Any CPU
		{B716518C-8FB3-4502-92F7-3643FE7DC49E}.Debug|Any CPU.Build.0 = Debug|Any CPU
		{B716518C-8FB3-4502-92F7-3643FE7DC49E}.Release|Any CPU.ActiveCfg = Release|Any CPU
		{B716518C-8FB3-4502-92F7-3643FE7DC49E}.Release|Any CPU.Build.0 = Release|Any CPU
	EndGlobalSection
	GlobalSection(SolutionProperties) = preSolution
		HideSolutionNode = FALSE
	EndGlobalSection
	GlobalSection(ExtensibilityGlobals) = postSolution
		SolutionGuid = {A5803DF6-43E9-434E-BC4D-43D5C2ED1227}
	EndGlobalSection
EndGlobal
