
Microsoft Visual Studio Solution File, Format Version 12.00
# Visual Studio Version 17
VisualStudioVersion = 17.3.32929.385
MinimumVisualStudioVersion = 10.0.40219.1
Project("{FAE04EC0-301F-11D3-BF4B-00C04F79EFBC}") = "Lecture7-ExercisesLast", "Lecture7-ExercisesLast\Lecture7-ExercisesLast.csproj", "{08C7F78D-A10C-4024-8AE1-55936A94D934}"
EndProject
Global
	GlobalSection(SolutionConfigurationPlatforms) = preSolution
		Debug|Any CPU = Debug|Any CPU
		Release|Any CPU = Release|Any CPU
	EndGlobalSection
	GlobalSection(ProjectConfigurationPlatforms) = postSolution
		{08C7F78D-A10C-4024-8AE1-55936A94D934}.Debug|Any CPU.ActiveCfg = Debug|Any CPU
		{08C7F78D-A10C-4024-8AE1-55936A94D934}.Debug|Any CPU.Build.0 = Debug|Any CPU
		{08C7F78D-A10C-4024-8AE1-55936A94D934}.Release|Any CPU.ActiveCfg = Release|Any CPU
		{08C7F78D-A10C-4024-8AE1-55936A94D934}.Release|Any CPU.Build.0 = Release|Any CPU
	EndGlobalSection
	GlobalSection(SolutionProperties) = preSolution
		HideSolutionNode = FALSE
	EndGlobalSection
	GlobalSection(ExtensibilityGlobals) = postSolution
		SolutionGuid = {16DC9648-CD76-405B-A16B-7BCD92ED0D48}
	EndGlobalSection
EndGlobal
