
Microsoft Visual Studio Solution File, Format Version 12.00
# Visual Studio Version 17
VisualStudioVersion = 17.3.32929.385
MinimumVisualStudioVersion = 10.0.40219.1
Project("{FAE04EC0-301F-11D3-BF4B-00C04F79EFBC}") = "Lecture2_Exercise3", "Lecture2_Exercise3\Lecture2_Exercise3.csproj", "{6E6C701E-B3E8-4D3C-BE30-E8613E4720EE}"
EndProject
Global
	GlobalSection(SolutionConfigurationPlatforms) = preSolution
		Debug|Any CPU = Debug|Any CPU
		Release|Any CPU = Release|Any CPU
	EndGlobalSection
	GlobalSection(ProjectConfigurationPlatforms) = postSolution
		{6E6C701E-B3E8-4D3C-BE30-E8613E4720EE}.Debug|Any CPU.ActiveCfg = Debug|Any CPU
		{6E6C701E-B3E8-4D3C-BE30-E8613E4720EE}.Debug|Any CPU.Build.0 = Debug|Any CPU
		{6E6C701E-B3E8-4D3C-BE30-E8613E4720EE}.Release|Any CPU.ActiveCfg = Release|Any CPU
		{6E6C701E-B3E8-4D3C-BE30-E8613E4720EE}.Release|Any CPU.Build.0 = Release|Any CPU
	EndGlobalSection
	GlobalSection(SolutionProperties) = preSolution
		HideSolutionNode = FALSE
	EndGlobalSection
	GlobalSection(ExtensibilityGlobals) = postSolution
		SolutionGuid = {C9BBA436-BFEB-4230-8D0D-E6D40A96664E}
	EndGlobalSection
EndGlobal
