
Microsoft Visual Studio Solution File, Format Version 12.00
# Visual Studio Version 17
VisualStudioVersion = 17.3.32929.385
MinimumVisualStudioVersion = 10.0.40219.1
Project("{FAE04EC0-301F-11D3-BF4B-00C04F79EFBC}") = "Week1_Excercise4", "Week1_Excercise4\Week1_Excercise4.csproj", "{85E5BECF-529D-45DE-AC14-B62912E84122}"
EndProject
Global
	GlobalSection(SolutionConfigurationPlatforms) = preSolution
		Debug|Any CPU = Debug|Any CPU
		Release|Any CPU = Release|Any CPU
	EndGlobalSection
	GlobalSection(ProjectConfigurationPlatforms) = postSolution
		{85E5BECF-529D-45DE-AC14-B62912E84122}.Debug|Any CPU.ActiveCfg = Debug|Any CPU
		{85E5BECF-529D-45DE-AC14-B62912E84122}.Debug|Any CPU.Build.0 = Debug|Any CPU
		{85E5BECF-529D-45DE-AC14-B62912E84122}.Release|Any CPU.ActiveCfg = Release|Any CPU
		{85E5BECF-529D-45DE-AC14-B62912E84122}.Release|Any CPU.Build.0 = Release|Any CPU
	EndGlobalSection
	GlobalSection(SolutionProperties) = preSolution
		HideSolutionNode = FALSE
	EndGlobalSection
	GlobalSection(ExtensibilityGlobals) = postSolution
		SolutionGuid = {48B98C69-80DA-4C5A-8A7F-D373FB9CDA75}
	EndGlobalSection
EndGlobal
