
Microsoft Visual Studio Solution File, Format Version 12.00
# Visual Studio Version 17
VisualStudioVersion = 17.3.32929.385
MinimumVisualStudioVersion = 10.0.40219.1
Project("{9A19103F-16F7-4668-BE54-9A1E7A4F7556}") = "Lecture3_Test_NUnit", "Lecture3_Test_NUnit\Lecture3_Test_NUnit.csproj", "{14E82A9F-C9E4-4944-817A-5C2CEF5FA9DE}"
EndProject
Project("{9A19103F-16F7-4668-BE54-9A1E7A4F7556}") = "Lecture_3_Exercises", "..\Lecture_3_Exercises\Lecture_3_Exercises\Lecture_3_Exercises.csproj", "{4985D3DC-59B7-46D7-959C-0063DE7612BF}"
EndProject
Global
	GlobalSection(SolutionConfigurationPlatforms) = preSolution
		Debug|Any CPU = Debug|Any CPU
		Release|Any CPU = Release|Any CPU
	EndGlobalSection
	GlobalSection(ProjectConfigurationPlatforms) = postSolution
		{14E82A9F-C9E4-4944-817A-5C2CEF5FA9DE}.Debug|Any CPU.ActiveCfg = Debug|Any CPU
		{14E82A9F-C9E4-4944-817A-5C2CEF5FA9DE}.Debug|Any CPU.Build.0 = Debug|Any CPU
		{14E82A9F-C9E4-4944-817A-5C2CEF5FA9DE}.Release|Any CPU.ActiveCfg = Release|Any CPU
		{14E82A9F-C9E4-4944-817A-5C2CEF5FA9DE}.Release|Any CPU.Build.0 = Release|Any CPU
		{4985D3DC-59B7-46D7-959C-0063DE7612BF}.Debug|Any CPU.ActiveCfg = Debug|Any CPU
		{4985D3DC-59B7-46D7-959C-0063DE7612BF}.Debug|Any CPU.Build.0 = Debug|Any CPU
		{4985D3DC-59B7-46D7-959C-0063DE7612BF}.Release|Any CPU.ActiveCfg = Release|Any CPU
		{4985D3DC-59B7-46D7-959C-0063DE7612BF}.Release|Any CPU.Build.0 = Release|Any CPU
	EndGlobalSection
	GlobalSection(SolutionProperties) = preSolution
		HideSolutionNode = FALSE
	EndGlobalSection
	GlobalSection(ExtensibilityGlobals) = postSolution
		SolutionGuid = {09E8E62C-1BB2-40CF-BCFD-CB6A73497AF7}
	EndGlobalSection
EndGlobal
