
Microsoft Visual Studio Solution File, Format Version 12.00
# Visual Studio Version 17
VisualStudioVersion = 17.3.32929.385
MinimumVisualStudioVersion = 10.0.40219.1
Project("{FAE04EC0-301F-11D3-BF4B-00C04F79EFBC}") = "Lecture8_Exercises", "Lecture8_Exercises\Lecture8_Exercises.csproj", "{31AE9211-C7B6-41FD-8185-B4E219D7A05F}"
EndProject
Global
	GlobalSection(SolutionConfigurationPlatforms) = preSolution
		Debug|Any CPU = Debug|Any CPU
		Release|Any CPU = Release|Any CPU
	EndGlobalSection
	GlobalSection(ProjectConfigurationPlatforms) = postSolution
		{31AE9211-C7B6-41FD-8185-B4E219D7A05F}.Debug|Any CPU.ActiveCfg = Debug|Any CPU
		{31AE9211-C7B6-41FD-8185-B4E219D7A05F}.Debug|Any CPU.Build.0 = Debug|Any CPU
		{31AE9211-C7B6-41FD-8185-B4E219D7A05F}.Release|Any CPU.ActiveCfg = Release|Any CPU
		{31AE9211-C7B6-41FD-8185-B4E219D7A05F}.Release|Any CPU.Build.0 = Release|Any CPU
	EndGlobalSection
	GlobalSection(SolutionProperties) = preSolution
		HideSolutionNode = FALSE
	EndGlobalSection
	GlobalSection(ExtensibilityGlobals) = postSolution
		SolutionGuid = {4A888A43-122C-4E3D-B734-A3E21CBF7A5B}
	EndGlobalSection
EndGlobal
