
Microsoft Visual Studio Solution File, Format Version 12.00
# Visual Studio Version 17
VisualStudioVersion = 17.3.32929.385
MinimumVisualStudioVersion = 10.0.40219.1
Project("{FAE04EC0-301F-11D3-BF4B-00C04F79EFBC}") = "Week1_Excercise3", "Week1_Excercise3\Week1_Excercise3.csproj", "{CCC6E65B-6DB7-4CFC-8631-83B3C8285D68}"
EndProject
Global
	GlobalSection(SolutionConfigurationPlatforms) = preSolution
		Debug|Any CPU = Debug|Any CPU
		Release|Any CPU = Release|Any CPU
	EndGlobalSection
	GlobalSection(ProjectConfigurationPlatforms) = postSolution
		{CCC6E65B-6DB7-4CFC-8631-83B3C8285D68}.Debug|Any CPU.ActiveCfg = Debug|Any CPU
		{CCC6E65B-6DB7-4CFC-8631-83B3C8285D68}.Debug|Any CPU.Build.0 = Debug|Any CPU
		{CCC6E65B-6DB7-4CFC-8631-83B3C8285D68}.Release|Any CPU.ActiveCfg = Release|Any CPU
		{CCC6E65B-6DB7-4CFC-8631-83B3C8285D68}.Release|Any CPU.Build.0 = Release|Any CPU
	EndGlobalSection
	GlobalSection(SolutionProperties) = preSolution
		HideSolutionNode = FALSE
	EndGlobalSection
	GlobalSection(ExtensibilityGlobals) = postSolution
		SolutionGuid = {D1B912B8-30B9-46C1-81CC-D047DE4D303C}
	EndGlobalSection
EndGlobal
