
Microsoft Visual Studio Solution File, Format Version 12.00
# Visual Studio Version 17
VisualStudioVersion = 17.3.32929.385
MinimumVisualStudioVersion = 10.0.40219.1
Project("{FAE04EC0-301F-11D3-BF4B-00C04F79EFBC}") = "Assignment_1", "Assignment_1\Assignment_1.csproj", "{F7EAA33D-21C0-4408-B653-5B5821775BD3}"
EndProject
Global
	GlobalSection(SolutionConfigurationPlatforms) = preSolution
		Debug|Any CPU = Debug|Any CPU
		Release|Any CPU = Release|Any CPU
	EndGlobalSection
	GlobalSection(ProjectConfigurationPlatforms) = postSolution
		{F7EAA33D-21C0-4408-B653-5B5821775BD3}.Debug|Any CPU.ActiveCfg = Debug|Any CPU
		{F7EAA33D-21C0-4408-B653-5B5821775BD3}.Debug|Any CPU.Build.0 = Debug|Any CPU
		{F7EAA33D-21C0-4408-B653-5B5821775BD3}.Release|Any CPU.ActiveCfg = Release|Any CPU
		{F7EAA33D-21C0-4408-B653-5B5821775BD3}.Release|Any CPU.Build.0 = Release|Any CPU
	EndGlobalSection
	GlobalSection(SolutionProperties) = preSolution
		HideSolutionNode = FALSE
	EndGlobalSection
	GlobalSection(ExtensibilityGlobals) = postSolution
		SolutionGuid = {A492F919-B503-4F8F-9503-68A60CFB00F6}
	EndGlobalSection
EndGlobal
