
Microsoft Visual Studio Solution File, Format Version 12.00
# Visual Studio Version 17
VisualStudioVersion = 17.3.32929.385
MinimumVisualStudioVersion = 10.0.40219.1
Project("{9A19103F-16F7-4668-BE54-9A1E7A4F7556}") = "Lecture_3_Exercises", "Lecture_3_Exercises\Lecture_3_Exercises.csproj", "{67941CE0-3306-4E2D-9545-51FD83DC91AF}"
EndProject
Project("{9A19103F-16F7-4668-BE54-9A1E7A4F7556}") = "Lecture3_Test_NUnit", "..\Lecture3_Test_NUnit\Lecture3_Test_NUnit\Lecture3_Test_NUnit.csproj", "{47D615FF-4846-4B31-979D-D2D33B195DE2}"
EndProject
Global
	GlobalSection(SolutionConfigurationPlatforms) = preSolution
		Debug|Any CPU = Debug|Any CPU
		Release|Any CPU = Release|Any CPU
	EndGlobalSection
	GlobalSection(ProjectConfigurationPlatforms) = postSolution
		{67941CE0-3306-4E2D-9545-51FD83DC91AF}.Debug|Any CPU.ActiveCfg = Debug|Any CPU
		{67941CE0-3306-4E2D-9545-51FD83DC91AF}.Debug|Any CPU.Build.0 = Debug|Any CPU
		{67941CE0-3306-4E2D-9545-51FD83DC91AF}.Release|Any CPU.ActiveCfg = Release|Any CPU
		{67941CE0-3306-4E2D-9545-51FD83DC91AF}.Release|Any CPU.Build.0 = Release|Any CPU
		{47D615FF-4846-4B31-979D-D2D33B195DE2}.Debug|Any CPU.ActiveCfg = Debug|Any CPU
		{47D615FF-4846-4B31-979D-D2D33B195DE2}.Debug|Any CPU.Build.0 = Debug|Any CPU
		{47D615FF-4846-4B31-979D-D2D33B195DE2}.Release|Any CPU.ActiveCfg = Release|Any CPU
		{47D615FF-4846-4B31-979D-D2D33B195DE2}.Release|Any CPU.Build.0 = Release|Any CPU
	EndGlobalSection
	GlobalSection(SolutionProperties) = preSolution
		HideSolutionNode = FALSE
	EndGlobalSection
	GlobalSection(ExtensibilityGlobals) = postSolution
		SolutionGuid = {FFA30780-B436-4455-B2B1-7C7AF04B8833}
	EndGlobalSection
EndGlobal
